// !$*UTF8*$!
{
	archiveVersion = 1;
	classes = {
	};
	objectVersion = 56;
	objects = {

/* Begin PBXBuildFile section */
		552994EB298821D300F71466 /* PenguinPayApp.swift in Sources */ = {isa = PBXBuildFile; fileRef = 552994EA298821D300F71466 /* PenguinPayApp.swift */; };
		552994ED298821D300F71466 /* MainView.swift in Sources */ = {isa = PBXBuildFile; fileRef = 552994EC298821D300F71466 /* MainView.swift */; };
		552994EF298821D500F71466 /* Color.xcassets in Resources */ = {isa = PBXBuildFile; fileRef = 552994EE298821D500F71466 /* Color.xcassets */; };
		552994F3298821D500F71466 /* Preview Assets.xcassets in Resources */ = {isa = PBXBuildFile; fileRef = 552994F2298821D500F71466 /* Preview Assets.xcassets */; };
		552994FD298821D600F71466 /* PenguinPayTests.swift in Sources */ = {isa = PBXBuildFile; fileRef = 552994FC298821D600F71466 /* PenguinPayTests.swift */; };
		55299507298821D600F71466 /* PenguinPayUITests.swift in Sources */ = {isa = PBXBuildFile; fileRef = 55299506298821D600F71466 /* PenguinPayUITests.swift */; };
		55299509298821D600F71466 /* PenguinPayUITestsLaunchTests.swift in Sources */ = {isa = PBXBuildFile; fileRef = 55299508298821D600F71466 /* PenguinPayUITestsLaunchTests.swift */; };
		552995312988688000F71466 /* Images.xcassets in Resources */ = {isa = PBXBuildFile; fileRef = 552995302988688000F71466 /* Images.xcassets */; };
		552995512988A60800F71466 /* MainViewPresenter.swift in Sources */ = {isa = PBXBuildFile; fileRef = 552995502988A60800F71466 /* MainViewPresenter.swift */; };
/* End PBXBuildFile section */

/* Begin PBXContainerItemProxy section */
		552994F9298821D600F71466 /* PBXContainerItemProxy */ = {
			isa = PBXContainerItemProxy;
			containerPortal = 552994DF298821D300F71466 /* Project object */;
			proxyType = 1;
			remoteGlobalIDString = 552994E6298821D300F71466;
			remoteInfo = PenguinPay;
		};
		55299503298821D600F71466 /* PBXContainerItemProxy */ = {
			isa = PBXContainerItemProxy;
			containerPortal = 552994DF298821D300F71466 /* Project object */;
			proxyType = 1;
			remoteGlobalIDString = 552994E6298821D300F71466;
			remoteInfo = PenguinPay;
		};
/* End PBXContainerItemProxy section */

/* Begin PBXFileReference section */
		552994E7298821D300F71466 /* PenguinPay.app */ = {isa = PBXFileReference; explicitFileType = wrapper.application; includeInIndex = 0; path = PenguinPay.app; sourceTree = BUILT_PRODUCTS_DIR; };
		552994EA298821D300F71466 /* PenguinPayApp.swift */ = {isa = PBXFileReference; lastKnownFileType = sourcecode.swift; path = PenguinPayApp.swift; sourceTree = "<group>"; };
		552994EC298821D300F71466 /* MainView.swift */ = {isa = PBXFileReference; lastKnownFileType = sourcecode.swift; path = MainView.swift; sourceTree = "<group>"; };
		552994EE298821D500F71466 /* Color.xcassets */ = {isa = PBXFileReference; lastKnownFileType = folder.assetcatalog; path = Color.xcassets; sourceTree = "<group>"; };
		552994F0298821D500F71466 /* PenguinPay.entitlements */ = {isa = PBXFileReference; lastKnownFileType = text.plist.entitlements; path = PenguinPay.entitlements; sourceTree = "<group>"; };
		552994F2298821D500F71466 /* Preview Assets.xcassets */ = {isa = PBXFileReference; lastKnownFileType = folder.assetcatalog; path = "Preview Assets.xcassets"; sourceTree = "<group>"; };
		552994F8298821D600F71466 /* PenguinPayTests.xctest */ = {isa = PBXFileReference; explicitFileType = wrapper.cfbundle; includeInIndex = 0; path = PenguinPayTests.xctest; sourceTree = BUILT_PRODUCTS_DIR; };
		552994FC298821D600F71466 /* PenguinPayTests.swift */ = {isa = PBXFileReference; lastKnownFileType = sourcecode.swift; path = PenguinPayTests.swift; sourceTree = "<group>"; };
		55299502298821D600F71466 /* PenguinPayUITests.xctest */ = {isa = PBXFileReference; explicitFileType = wrapper.cfbundle; includeInIndex = 0; path = PenguinPayUITests.xctest; sourceTree = BUILT_PRODUCTS_DIR; };
		55299506298821D600F71466 /* PenguinPayUITests.swift */ = {isa = PBXFileReference; lastKnownFileType = sourcecode.swift; path = PenguinPayUITests.swift; sourceTree = "<group>"; };
		55299508298821D600F71466 /* PenguinPayUITestsLaunchTests.swift */ = {isa = PBXFileReference; lastKnownFileType = sourcecode.swift; path = PenguinPayUITestsLaunchTests.swift; sourceTree = "<group>"; };
		552995302988688000F71466 /* Images.xcassets */ = {isa = PBXFileReference; lastKnownFileType = folder.assetcatalog; path = Images.xcassets; sourceTree = "<group>"; };
		552995502988A60800F71466 /* MainViewPresenter.swift */ = {isa = PBXFileReference; lastKnownFileType = sourcecode.swift; path = MainViewPresenter.swift; sourceTree = "<group>"; };
/* End PBXFileReference section */

/* Begin PBXFrameworksBuildPhase section */
		552994E4298821D300F71466 /* Frameworks */ = {
			isa = PBXFrameworksBuildPhase;
			buildActionMask = 2147483647;
			files = (
			);
			runOnlyForDeploymentPostprocessing = 0;
		};
		552994F5298821D600F71466 /* Frameworks */ = {
			isa = PBXFrameworksBuildPhase;
			buildActionMask = 2147483647;
			files = (
			);
			runOnlyForDeploymentPostprocessing = 0;
		};
		552994FF298821D600F71466 /* Frameworks */ = {
			isa = PBXFrameworksBuildPhase;
			buildActionMask = 2147483647;
			files = (
			);
			runOnlyForDeploymentPostprocessing = 0;
		};
/* End PBXFrameworksBuildPhase section */

/* Begin PBXGroup section */
		552994DE298821D300F71466 = {
			isa = PBXGroup;
			children = (
				552994E9298821D300F71466 /* PenguinPay */,
				552994FB298821D600F71466 /* PenguinPayTests */,
				55299505298821D600F71466 /* PenguinPayUITests */,
				552994E8298821D300F71466 /* Products */,
			);
			sourceTree = "<group>";
		};
		552994E8298821D300F71466 /* Products */ = {
			isa = PBXGroup;
			children = (
				552994E7298821D300F71466 /* PenguinPay.app */,
				552994F8298821D600F71466 /* PenguinPayTests.xctest */,
				55299502298821D600F71466 /* PenguinPayUITests.xctest */,
			);
			name = Products;
			sourceTree = "<group>";
		};
		552994E9298821D300F71466 /* PenguinPay */ = {
			isa = PBXGroup;
			children = (
				5529953429886DC100F71466 /* Interactors */,
				5529953329886DA000F71466 /* Presenters */,
				5529953229886D8F00F71466 /* Views */,
				552994EE298821D500F71466 /* Color.xcassets */,
				552995302988688000F71466 /* Images.xcassets */,
				552994F0298821D500F71466 /* PenguinPay.entitlements */,
				552994F1298821D500F71466 /* Preview Content */,
			);
			path = PenguinPay;
			sourceTree = "<group>";
		};
		552994F1298821D500F71466 /* Preview Content */ = {
			isa = PBXGroup;
			children = (
				552994F2298821D500F71466 /* Preview Assets.xcassets */,
			);
			path = "Preview Content";
			sourceTree = "<group>";
		};
		552994FB298821D600F71466 /* PenguinPayTests */ = {
			isa = PBXGroup;
			children = (
				552994FC298821D600F71466 /* PenguinPayTests.swift */,
			);
			path = PenguinPayTests;
			sourceTree = "<group>";
		};
		55299505298821D600F71466 /* PenguinPayUITests */ = {
			isa = PBXGroup;
			children = (
				55299506298821D600F71466 /* PenguinPayUITests.swift */,
				55299508298821D600F71466 /* PenguinPayUITestsLaunchTests.swift */,
			);
			path = PenguinPayUITests;
			sourceTree = "<group>";
		};
		5529953229886D8F00F71466 /* Views */ = {
			isa = PBXGroup;
			children = (
				552994EA298821D300F71466 /* PenguinPayApp.swift */,
				552994EC298821D300F71466 /* MainView.swift */,
			);
			path = Views;
			sourceTree = "<group>";
		};
		5529953329886DA000F71466 /* Presenters */ = {
			isa = PBXGroup;
			children = (
				552995502988A60800F71466 /* MainViewPresenter.swift */,
			);
			path = Presenters;
			sourceTree = "<group>";
		};
		5529953429886DC100F71466 /* Interactors */ = {
			isa = PBXGroup;
			children = (
			);
			path = Interactors;
			sourceTree = "<group>";
		};
/* End PBXGroup section */

/* Begin PBXNativeTarget section */
		552994E6298821D300F71466 /* PenguinPay */ = {
			isa = PBXNativeTarget;
			buildConfigurationList = 5529950C298821D600F71466 /* Build configuration list for PBXNativeTarget "PenguinPay" */;
			buildPhases = (
				552994E3298821D300F71466 /* Sources */,
				552994E4298821D300F71466 /* Frameworks */,
				552994E5298821D300F71466 /* Resources */,
			);
			buildRules = (
			);
			dependencies = (
			);
			name = PenguinPay;
			productName = PenguinPay;
			productReference = 552994E7298821D300F71466 /* PenguinPay.app */;
			productType = "com.apple.product-type.application";
		};
		552994F7298821D600F71466 /* PenguinPayTests */ = {
			isa = PBXNativeTarget;
			buildConfigurationList = 5529950F298821D600F71466 /* Build configuration list for PBXNativeTarget "PenguinPayTests" */;
			buildPhases = (
				552994F4298821D600F71466 /* Sources */,
				552994F5298821D600F71466 /* Frameworks */,
				552994F6298821D600F71466 /* Resources */,
			);
			buildRules = (
			);
			dependencies = (
				552994FA298821D600F71466 /* PBXTargetDependency */,
			);
			name = PenguinPayTests;
			productName = PenguinPayTests;
			productReference = 552994F8298821D600F71466 /* PenguinPayTests.xctest */;
			productType = "com.apple.product-type.bundle.unit-test";
		};
		55299501298821D600F71466 /* PenguinPayUITests */ = {
			isa = PBXNativeTarget;
			buildConfigurationList = 55299512298821D600F71466 /* Build configuration list for PBXNativeTarget "PenguinPayUITests" */;
			buildPhases = (
				552994FE298821D600F71466 /* Sources */,
				552994FF298821D600F71466 /* Frameworks */,
				55299500298821D600F71466 /* Resources */,
			);
			buildRules = (
			);
			dependencies = (
				55299504298821D600F71466 /* PBXTargetDependency */,
			);
			name = PenguinPayUITests;
			productName = PenguinPayUITests;
			productReference = 55299502298821D600F71466 /* PenguinPayUITests.xctest */;
			productType = "com.apple.product-type.bundle.ui-testing";
		};
/* End PBXNativeTarget section */

/* Begin PBXProject section */
		552994DF298821D300F71466 /* Project object */ = {
			isa = PBXProject;
			attributes = {
				BuildIndependentTargetsInParallel = 1;
				LastSwiftUpdateCheck = 1420;
				LastUpgradeCheck = 1420;
				TargetAttributes = {
					552994E6298821D300F71466 = {
						CreatedOnToolsVersion = 14.2;
					};
					552994F7298821D600F71466 = {
						CreatedOnToolsVersion = 14.2;
						TestTargetID = 552994E6298821D300F71466;
					};
					55299501298821D600F71466 = {
						CreatedOnToolsVersion = 14.2;
						TestTargetID = 552994E6298821D300F71466;
					};
				};
			};
			buildConfigurationList = 552994E2298821D300F71466 /* Build configuration list for PBXProject "PenguinPay" */;
			compatibilityVersion = "Xcode 14.0";
			developmentRegion = en;
			hasScannedForEncodings = 0;
			knownRegions = (
				en,
				Base,
			);
			mainGroup = 552994DE298821D300F71466;
			productRefGroup = 552994E8298821D300F71466 /* Products */;
			projectDirPath = "";
			projectRoot = "";
			targets = (
				552994E6298821D300F71466 /* PenguinPay */,
				552994F7298821D600F71466 /* PenguinPayTests */,
				55299501298821D600F71466 /* PenguinPayUITests */,
			);
		};
/* End PBXProject section */

/* Begin PBXResourcesBuildPhase section */
		552994E5298821D300F71466 /* Resources */ = {
			isa = PBXResourcesBuildPhase;
			buildActionMask = 2147483647;
			files = (
				552995312988688000F71466 /* Images.xcassets in Resources */,
				552994F3298821D500F71466 /* Preview Assets.xcassets in Resources */,
				552994EF298821D500F71466 /* Color.xcassets in Resources */,
			);
			runOnlyForDeploymentPostprocessing = 0;
		};
		552994F6298821D600F71466 /* Resources */ = {
			isa = PBXResourcesBuildPhase;
			buildActionMask = 2147483647;
			files = (
			);
			runOnlyForDeploymentPostprocessing = 0;
		};
		55299500298821D600F71466 /* Resources */ = {
			isa = PBXResourcesBuildPhase;
			buildActionMask = 2147483647;
			files = (
			);
			runOnlyForDeploymentPostprocessing = 0;
		};
/* End PBXResourcesBuildPhase section */

/* Begin PBXSourcesBuildPhase section */
		552994E3298821D300F71466 /* Sources */ = {
			isa = PBXSourcesBuildPhase;
			buildActionMask = 2147483647;
			files = (
				552994ED298821D300F71466 /* MainView.swift in Sources */,
				552994EB298821D300F71466 /* PenguinPayApp.swift in Sources */,
				552995512988A60800F71466 /* MainViewPresenter.swift in Sources */,
			);
			runOnlyForDeploymentPostprocessing = 0;
		};
		552994F4298821D600F71466 /* Sources */ = {
			isa = PBXSourcesBuildPhase;
			buildActionMask = 2147483647;
			files = (
				552994FD298821D600F71466 /* PenguinPayTests.swift in Sources */,
			);
			runOnlyForDeploymentPostprocessing = 0;
		};
		552994FE298821D600F71466 /* Sources */ = {
			isa = PBXSourcesBuildPhase;
			buildActionMask = 2147483647;
			files = (
				55299509298821D600F71466 /* PenguinPayUITestsLaunchTests.swift in Sources */,
				55299507298821D600F71466 /* PenguinPayUITests.swift in Sources */,
			);
			runOnlyForDeploymentPostprocessing = 0;
		};
/* End PBXSourcesBuildPhase section */

/* Begin PBXTargetDependency section */
		552994FA298821D600F71466 /* PBXTargetDependency */ = {
			isa = PBXTargetDependency;
			target = 552994E6298821D300F71466 /* PenguinPay */;
			targetProxy = 552994F9298821D600F71466 /* PBXContainerItemProxy */;
		};
		55299504298821D600F71466 /* PBXTargetDependency */ = {
			isa = PBXTargetDependency;
			target = 552994E6298821D300F71466 /* PenguinPay */;
			targetProxy = 55299503298821D600F71466 /* PBXContainerItemProxy */;
		};
/* End PBXTargetDependency section */

/* Begin XCBuildConfiguration section */
		5529950A298821D600F71466 /* Debug */ = {
			isa = XCBuildConfiguration;
			buildSettings = {
				ALWAYS_SEARCH_USER_PATHS = NO;
				CLANG_ANALYZER_NONNULL = YES;
				CLANG_ANALYZER_NUMBER_OBJECT_CONVERSION = YES_AGGRESSIVE;
				CLANG_CXX_LANGUAGE_STANDARD = "gnu++20";
				CLANG_ENABLE_MODULES = YES;
				CLANG_ENABLE_OBJC_ARC = YES;
				CLANG_ENABLE_OBJC_WEAK = YES;
				CLANG_WARN_BLOCK_CAPTURE_AUTORELEASING = YES;
				CLANG_WARN_BOOL_CONVERSION = YES;
				CLANG_WARN_COMMA = YES;
				CLANG_WARN_CONSTANT_CONVERSION = YES;
				CLANG_WARN_DEPRECATED_OBJC_IMPLEMENTATIONS = YES;
				CLANG_WARN_DIRECT_OBJC_ISA_USAGE = YES_ERROR;
				CLANG_WARN_DOCUMENTATION_COMMENTS = YES;
				CLANG_WARN_EMPTY_BODY = YES;
				CLANG_WARN_ENUM_CONVERSION = YES;
				CLANG_WARN_INFINITE_RECURSION = YES;
				CLANG_WARN_INT_CONVERSION = YES;
				CLANG_WARN_NON_LITERAL_NULL_CONVERSION = YES;
				CLANG_WARN_OBJC_IMPLICIT_RETAIN_SELF = YES;
				CLANG_WARN_OBJC_LITERAL_CONVERSION = YES;
				CLANG_WARN_OBJC_ROOT_CLASS = YES_ERROR;
				CLANG_WARN_QUOTED_INCLUDE_IN_FRAMEWORK_HEADER = YES;
				CLANG_WARN_RANGE_LOOP_ANALYSIS = YES;
				CLANG_WARN_STRICT_PROTOTYPES = YES;
				CLANG_WARN_SUSPICIOUS_MOVE = YES;
				CLANG_WARN_UNGUARDED_AVAILABILITY = YES_AGGRESSIVE;
				CLANG_WARN_UNREACHABLE_CODE = YES;
				CLANG_WARN__DUPLICATE_METHOD_MATCH = YES;
				COPY_PHASE_STRIP = NO;
				DEBUG_INFORMATION_FORMAT = dwarf;
				ENABLE_STRICT_OBJC_MSGSEND = YES;
				ENABLE_TESTABILITY = YES;
				GCC_C_LANGUAGE_STANDARD = gnu11;
				GCC_DYNAMIC_NO_PIC = NO;
				GCC_NO_COMMON_BLOCKS = YES;
				GCC_OPTIMIZATION_LEVEL = 0;
				GCC_PREPROCESSOR_DEFINITIONS = (
					"DEBUG=1",
					"$(inherited)",
				);
				GCC_WARN_64_TO_32_BIT_CONVERSION = YES;
				GCC_WARN_ABOUT_RETURN_TYPE = YES_ERROR;
				GCC_WARN_UNDECLARED_SELECTOR = YES;
				GCC_WARN_UNINITIALIZED_AUTOS = YES_AGGRESSIVE;
				GCC_WARN_UNUSED_FUNCTION = YES;
				GCC_WARN_UNUSED_VARIABLE = YES;
				MTL_ENABLE_DEBUG_INFO = INCLUDE_SOURCE;
				MTL_FAST_MATH = YES;
				ONLY_ACTIVE_ARCH = YES;
				SWIFT_ACTIVE_COMPILATION_CONDITIONS = DEBUG;
				SWIFT_OPTIMIZATION_LEVEL = "-Onone";
			};
			name = Debug;
		};
		5529950B298821D600F71466 /* Release */ = {
			isa = XCBuildConfiguration;
			buildSettings = {
				ALWAYS_SEARCH_USER_PATHS = NO;
				CLANG_ANALYZER_NONNULL = YES;
				CLANG_ANALYZER_NUMBER_OBJECT_CONVERSION = YES_AGGRESSIVE;
				CLANG_CXX_LANGUAGE_STANDARD = "gnu++20";
				CLANG_ENABLE_MODULES = YES;
				CLANG_ENABLE_OBJC_ARC = YES;
				CLANG_ENABLE_OBJC_WEAK = YES;
				CLANG_WARN_BLOCK_CAPTURE_AUTORELEASING = YES;
				CLANG_WARN_BOOL_CONVERSION = YES;
				CLANG_WARN_COMMA = YES;
				CLANG_WARN_CONSTANT_CONVERSION = YES;
				CLANG_WARN_DEPRECATED_OBJC_IMPLEMENTATIONS = YES;
				CLANG_WARN_DIRECT_OBJC_ISA_USAGE = YES_ERROR;
				CLANG_WARN_DOCUMENTATION_COMMENTS = YES;
				CLANG_WARN_EMPTY_BODY = YES;
				CLANG_WARN_ENUM_CONVERSION = YES;
				CLANG_WARN_INFINITE_RECURSION = YES;
				CLANG_WARN_INT_CONVERSION = YES;
				CLANG_WARN_NON_LITERAL_NULL_CONVERSION = YES;
				CLANG_WARN_OBJC_IMPLICIT_RETAIN_SELF = YES;
				CLANG_WARN_OBJC_LITERAL_CONVERSION = YES;
				CLANG_WARN_OBJC_ROOT_CLASS = YES_ERROR;
				CLANG_WARN_QUOTED_INCLUDE_IN_FRAMEWORK_HEADER = YES;
				CLANG_WARN_RANGE_LOOP_ANALYSIS = YES;
				CLANG_WARN_STRICT_PROTOTYPES = YES;
				CLANG_WARN_SUSPICIOUS_MOVE = YES;
				CLANG_WARN_UNGUARDED_AVAILABILITY = YES_AGGRESSIVE;
				CLANG_WARN_UNREACHABLE_CODE = YES;
				CLANG_WARN__DUPLICATE_METHOD_MATCH = YES;
				COPY_PHASE_STRIP = NO;
				DEBUG_INFORMATION_FORMAT = "dwarf-with-dsym";
				ENABLE_NS_ASSERTIONS = NO;
				ENABLE_STRICT_OBJC_MSGSEND = YES;
				GCC_C_LANGUAGE_STANDARD = gnu11;
				GCC_NO_COMMON_BLOCKS = YES;
				GCC_WARN_64_TO_32_BIT_CONVERSION = YES;
				GCC_WARN_ABOUT_RETURN_TYPE = YES_ERROR;
				GCC_WARN_UNDECLARED_SELECTOR = YES;
				GCC_WARN_UNINITIALIZED_AUTOS = YES_AGGRESSIVE;
				GCC_WARN_UNUSED_FUNCTION = YES;
				GCC_WARN_UNUSED_VARIABLE = YES;
				MTL_ENABLE_DEBUG_INFO = NO;
				MTL_FAST_MATH = YES;
				SWIFT_COMPILATION_MODE = wholemodule;
				SWIFT_OPTIMIZATION_LEVEL = "-O";
			};
			name = Release;
		};
		5529950D298821D600F71466 /* Debug */ = {
			isa = XCBuildConfiguration;
			buildSettings = {
				ASSETCATALOG_COMPILER_APPICON_NAME = AppIcon;
				ASSETCATALOG_COMPILER_GLOBAL_ACCENT_COLOR_NAME = AccentColor;
				CODE_SIGN_ENTITLEMENTS = PenguinPay/PenguinPay.entitlements;
				CODE_SIGN_IDENTITY = "Apple Development";
				CODE_SIGN_STYLE = Automatic;
				CURRENT_PROJECT_VERSION = 1;
				DEVELOPMENT_ASSET_PATHS = "\"PenguinPay/Preview Content\"";
				DEVELOPMENT_TEAM = Z94XCC8A5K;
				ENABLE_HARDENED_RUNTIME = YES;
				ENABLE_PREVIEWS = YES;
				GENERATE_INFOPLIST_FILE = YES;
				"INFOPLIST_KEY_UIApplicationSceneManifest_Generation[sdk=iphoneos*]" = YES;
				"INFOPLIST_KEY_UIApplicationSceneManifest_Generation[sdk=iphonesimulator*]" = YES;
				"INFOPLIST_KEY_UIApplicationSupportsIndirectInputEvents[sdk=iphoneos*]" = YES;
				"INFOPLIST_KEY_UIApplicationSupportsIndirectInputEvents[sdk=iphonesimulator*]" = YES;
				"INFOPLIST_KEY_UILaunchScreen_Generation[sdk=iphoneos*]" = YES;
				"INFOPLIST_KEY_UILaunchScreen_Generation[sdk=iphonesimulator*]" = YES;
				"INFOPLIST_KEY_UIStatusBarStyle[sdk=iphoneos*]" = UIStatusBarStyleDefault;
				"INFOPLIST_KEY_UIStatusBarStyle[sdk=iphonesimulator*]" = UIStatusBarStyleDefault;
				INFOPLIST_KEY_UISupportedInterfaceOrientations_iPad = "UIInterfaceOrientationPortrait UIInterfaceOrientationPortraitUpsideDown UIInterfaceOrientationLandscapeLeft UIInterfaceOrientationLandscapeRight";
				INFOPLIST_KEY_UISupportedInterfaceOrientations_iPhone = "UIInterfaceOrientationPortrait UIInterfaceOrientationLandscapeLeft UIInterfaceOrientationLandscapeRight";
				IPHONEOS_DEPLOYMENT_TARGET = 15.0;
				LD_RUNPATH_SEARCH_PATHS = "@executable_path/Frameworks";
				"LD_RUNPATH_SEARCH_PATHS[sdk=macosx*]" = "@executable_path/../Frameworks";
				MACOSX_DEPLOYMENT_TARGET = 12.6;
				MARKETING_VERSION = 1.0;
				PRODUCT_BUNDLE_IDENTIFIER = com.banie.PenguinPay;
				PRODUCT_NAME = "$(TARGET_NAME)";
				PROVISIONING_PROFILE_SPECIFIER = "";
				SDKROOT = auto;
				SUPPORTED_PLATFORMS = "iphoneos iphonesimulator macosx";
				SWIFT_EMIT_LOC_STRINGS = YES;
				SWIFT_VERSION = 5.0;
				TARGETED_DEVICE_FAMILY = "1,2";
			};
			name = Debug;
		};
		5529950E298821D600F71466 /* Release */ = {
			isa = XCBuildConfiguration;
			buildSettings = {
				ASSETCATALOG_COMPILER_APPICON_NAME = AppIcon;
				ASSETCATALOG_COMPILER_GLOBAL_ACCENT_COLOR_NAME = AccentColor;
				CODE_SIGN_ENTITLEMENTS = PenguinPay/PenguinPay.entitlements;
				CODE_SIGN_STYLE = Manual;
				CURRENT_PROJECT_VERSION = 1;
				DEVELOPMENT_ASSET_PATHS = "\"PenguinPay/Preview Content\"";
				DEVELOPMENT_TEAM = "";
				ENABLE_HARDENED_RUNTIME = YES;
				ENABLE_PREVIEWS = YES;
				GENERATE_INFOPLIST_FILE = YES;
				"INFOPLIST_KEY_UIApplicationSceneManifest_Generation[sdk=iphoneos*]" = YES;
				"INFOPLIST_KEY_UIApplicationSceneManifest_Generation[sdk=iphonesimulator*]" = YES;
				"INFOPLIST_KEY_UIApplicationSupportsIndirectInputEvents[sdk=iphoneos*]" = YES;
				"INFOPLIST_KEY_UIApplicationSupportsIndirectInputEvents[sdk=iphonesimulator*]" = YES;
				"INFOPLIST_KEY_UILaunchScreen_Generation[sdk=iphoneos*]" = YES;
				"INFOPLIST_KEY_UILaunchScreen_Generation[sdk=iphonesimulator*]" = YES;
				"INFOPLIST_KEY_UIStatusBarStyle[sdk=iphoneos*]" = UIStatusBarStyleDefault;
				"INFOPLIST_KEY_UIStatusBarStyle[sdk=iphonesimulator*]" = UIStatusBarStyleDefault;
				INFOPLIST_KEY_UISupportedInterfaceOrientations_iPad = "UIInterfaceOrientationPortrait UIInterfaceOrientationPortraitUpsideDown UIInterfaceOrientationLandscapeLeft UIInterfaceOrientationLandscapeRight";
				INFOPLIST_KEY_UISupportedInterfaceOrientations_iPhone = "UIInterfaceOrientationPortrait UIInterfaceOrientationLandscapeLeft UIInterfaceOrientationLandscapeRight";
				IPHONEOS_DEPLOYMENT_TARGET = 15.0;
				LD_RUNPATH_SEARCH_PATHS = "@executable_path/Frameworks";
				"LD_RUNPATH_SEARCH_PATHS[sdk=macosx*]" = "@executable_path/../Frameworks";
				MACOSX_DEPLOYMENT_TARGET = 12.6;
				MARKETING_VERSION = 1.0;
				PRODUCT_BUNDLE_IDENTIFIER = com.banie.PenguinPay;
				PRODUCT_NAME = "$(TARGET_NAME)";
				PROVISIONING_PROFILE_SPECIFIER = "";
				SDKROOT = auto;
				SUPPORTED_PLATFORMS = "iphoneos iphonesimulator macosx";
				SWIFT_EMIT_LOC_STRINGS = YES;
				SWIFT_VERSION = 5.0;
				TARGETED_DEVICE_FAMILY = "1,2";
			};
			name = Release;
		};
		55299510298821D600F71466 /* Debug */ = {
			isa = XCBuildConfiguration;
			buildSettings = {
				ALWAYS_EMBED_SWIFT_STANDARD_LIBRARIES = YES;
				BUNDLE_LOADER = "$(TEST_HOST)";
				CODE_SIGN_STYLE = Automatic;
				CURRENT_PROJECT_VERSION = 1;
				DEVELOPMENT_TEAM = H488YFWX72;
				GENERATE_INFOPLIST_FILE = YES;
				IPHONEOS_DEPLOYMENT_TARGET = 16.2;
				MACOSX_DEPLOYMENT_TARGET = 12.6;
				MARKETING_VERSION = 1.0;
				PRODUCT_BUNDLE_IDENTIFIER = com.banie.PenguinPayTests;
				PRODUCT_NAME = "$(TARGET_NAME)";
				SDKROOT = auto;
				SUPPORTED_PLATFORMS = "iphoneos iphonesimulator macosx";
				SWIFT_EMIT_LOC_STRINGS = NO;
				SWIFT_VERSION = 5.0;
				TARGETED_DEVICE_FAMILY = "1,2";
				TEST_HOST = "$(BUILT_PRODUCTS_DIR)/PenguinPay.app/$(BUNDLE_EXECUTABLE_FOLDER_PATH)/PenguinPay";
			};
			name = Debug;
		};
		55299511298821D600F71466 /* Release */ = {
			isa = XCBuildConfiguration;
			buildSettings = {
				ALWAYS_EMBED_SWIFT_STANDARD_LIBRARIES = YES;
				BUNDLE_LOADER = "$(TEST_HOST)";
				CODE_SIGN_STYLE = Automatic;
				CURRENT_PROJECT_VERSION = 1;
				DEVELOPMENT_TEAM = H488YFWX72;
				GENERATE_INFOPLIST_FILE = YES;
				IPHONEOS_DEPLOYMENT_TARGET = 16.2;
				MACOSX_DEPLOYMENT_TARGET = 12.6;
				MARKETING_VERSION = 1.0;
				PRODUCT_BUNDLE_IDENTIFIER = com.banie.PenguinPayTests;
				PRODUCT_NAME = "$(TARGET_NAME)";
				SDKROOT = auto;
				SUPPORTED_PLATFORMS = "iphoneos iphonesimulator macosx";
				SWIFT_EMIT_LOC_STRINGS = NO;
				SWIFT_VERSION = 5.0;
				TARGETED_DEVICE_FAMILY = "1,2";
				TEST_HOST = "$(BUILT_PRODUCTS_DIR)/PenguinPay.app/$(BUNDLE_EXECUTABLE_FOLDER_PATH)/PenguinPay";
			};
			name = Release;
		};
		55299513298821D600F71466 /* Debug */ = {
			isa = XCBuildConfiguration;
			buildSettings = {
				ALWAYS_EMBED_SWIFT_STANDARD_LIBRARIES = YES;
				CODE_SIGN_STYLE = Automatic;
				CURRENT_PROJECT_VERSION = 1;
				DEVELOPMENT_TEAM = H488YFWX72;
				GENERATE_INFOPLIST_FILE = YES;
				IPHONEOS_DEPLOYMENT_TARGET = 16.2;
				MACOSX_DEPLOYMENT_TARGET = 12.6;
				MARKETING_VERSION = 1.0;
				PRODUCT_BUNDLE_IDENTIFIER = com.banie.PenguinPayUITests;
				PRODUCT_NAME = "$(TARGET_NAME)";
				SDKROOT = auto;
				SUPPORTED_PLATFORMS = "iphoneos iphonesimulator macosx";
				SWIFT_EMIT_LOC_STRINGS = NO;
				SWIFT_VERSION = 5.0;
				TARGETED_DEVICE_FAMILY = "1,2";
				TEST_TARGET_NAME = PenguinPay;
			};
			name = Debug;
		};
		55299514298821D600F71466 /* Release */ = {
			isa = XCBuildConfiguration;
			buildSettings = {
				ALWAYS_EMBED_SWIFT_STANDARD_LIBRARIES = YES;
				CODE_SIGN_STYLE = Automatic;
				CURRENT_PROJECT_VERSION = 1;
				DEVELOPMENT_TEAM = H488YFWX72;
				GENERATE_INFOPLIST_FILE = YES;
				IPHONEOS_DEPLOYMENT_TARGET = 16.2;
				MACOSX_DEPLOYMENT_TARGET = 12.6;
				MARKETING_VERSION = 1.0;
				PRODUCT_BUNDLE_IDENTIFIER = com.banie.PenguinPayUITests;
				PRODUCT_NAME = "$(TARGET_NAME)";
				SDKROOT = auto;
				SUPPORTED_PLATFORMS = "iphoneos iphonesimulator macosx";
				SWIFT_EMIT_LOC_STRINGS = NO;
				SWIFT_VERSION = 5.0;
				TARGETED_DEVICE_FAMILY = "1,2";
				TEST_TARGET_NAME = PenguinPay;
			};
			name = Release;
		};
/* End XCBuildConfiguration section */

/* Begin XCConfigurationList section */
		552994E2298821D300F71466 /* Build configuration list for PBXProject "PenguinPay" */ = {
			isa = XCConfigurationList;
			buildConfigurations = (
				5529950A298821D600F71466 /* Debug */,
				5529950B298821D600F71466 /* Release */,
			);
			defaultConfigurationIsVisible = 0;
			defaultConfigurationName = Release;
		};
		5529950C298821D600F71466 /* Build configuration list for PBXNativeTarget "PenguinPay" */ = {
			isa = XCConfigurationList;
			buildConfigurations = (
				5529950D298821D600F71466 /* Debug */,
				5529950E298821D600F71466 /* Release */,
			);
			defaultConfigurationIsVisible = 0;
			defaultConfigurationName = Release;
		};
		5529950F298821D600F71466 /* Build configuration list for PBXNativeTarget "PenguinPayTests" */ = {
			isa = XCConfigurationList;
			buildConfigurations = (
				55299510298821D600F71466 /* Debug */,
				55299511298821D600F71466 /* Release */,
			);
			defaultConfigurationIsVisible = 0;
			defaultConfigurationName = Release;
		};
		55299512298821D600F71466 /* Build configuration list for PBXNativeTarget "PenguinPayUITests" */ = {
			isa = XCConfigurationList;
			buildConfigurations = (
				55299513298821D600F71466 /* Debug */,
				55299514298821D600F71466 /* Release */,
			);
			defaultConfigurationIsVisible = 0;
			defaultConfigurationName = Release;
		};
/* End XCConfigurationList section */
	};
	rootObject = 552994DF298821D300F71466 /* Project object */;
}
